Microsoft Visual Studio Solution File, Format Version 12.00
# Visual Studio Version 17
VisualStudioVersion = 17.5.2.0
MinimumVisualStudioVersion = 10.0.40219.1
Project("{FAE04EC0-301F-11D3-BF4B-00C04F79EFBC}") = "Customers.MCP", "Customers.MCP\Customers.MCP.csproj", "{06B5B113-BCC7-F155-44F0-CDE9DC4B4B75}"
EndProject
Global
	GlobalSection(SolutionConfigurationPlatforms) = preSolution
		Debug|Any CPU = Debug|Any CPU
		Release|Any CPU = Release|Any CPU
	EndGlobalSection
	GlobalSection(ProjectConfigurationPlatforms) = postSolution
		{06B5B113-BCC7-F155-44F0-CDE9DC4B4B75}.Debug|Any CPU.ActiveCfg = Debug|Any CPU
		{06B5B113-BCC7-F155-44F0-CDE9DC4B4B75}.Debug|Any CPU.Build.0 = Debug|Any CPU
		{06B5B113-BCC7-F155-44F0-CDE9DC4B4B75}.Release|Any CPU.ActiveCfg = Release|Any CPU
		{06B5B113-BCC7-F155-44F0-CDE9DC4B4B75}.Release|Any CPU.Build.0 = Release|Any CPU
	EndGlobalSection
	GlobalSection(SolutionProperties) = preSolution
		HideSolutionNode = FALSE
	EndGlobalSection
	GlobalSection(NestedProjects) = preSolution
		{06B5B113-BCC7-F155-44F0-CDE9DC4B4B75} = {827E0CD3-B72D-47B6-A68D-7590B98EB39B}
	EndGlobalSection
	GlobalSection(ExtensibilityGlobals) = postSolution
		SolutionGuid = {6F6E07D4-DE2D-48D9-B884-A9B518E5DC91}
	EndGlobalSection
EndGlobal
